
Microsoft Visual Studio Solution File, Format Version 12.00
# Visual Studio Version 17
VisualStudioVersion = 17.2.32516.85
MinimumVisualStudioVersion = 10.0.40219.1
Project("{FAE04EC0-301F-11D3-BF4B-00C04F79EFBC}") = "WindowsLabSandoval", "WindowsLabSandoval\WindowsLabSandoval.csproj", "{8D911221-00F9-4D57-85BF-3E14479BDB20}"
EndProject
Global
	GlobalSection(SolutionConfigurationPlatforms) = preSolution
		Debug|Any CPU = Debug|Any CPU
		Release|Any CPU = Release|Any CPU
	EndGlobalSection
	GlobalSection(ProjectConfigurationPlatforms) = postSolution
		{8D911221-00F9-4D57-85BF-3E14479BDB20}.Debug|Any CPU.ActiveCfg = Debug|Any CPU
		{8D911221-00F9-4D57-85BF-3E14479BDB20}.Debug|Any CPU.Build.0 = Debug|Any CPU
		{8D911221-00F9-4D57-85BF-3E14479BDB20}.Release|Any CPU.ActiveCfg = Release|Any CPU
		{8D911221-00F9-4D57-85BF-3E14479BDB20}.Release|Any CPU.Build.0 = Release|Any CPU
	EndGlobalSection
	GlobalSection(SolutionProperties) = preSolution
		HideSolutionNode = FALSE
	EndGlobalSection
	GlobalSection(ExtensibilityGlobals) = postSolution
		SolutionGuid = {FB7BC020-0CCD-4AD0-A106-04A269A14C96}
	EndGlobalSection
EndGlobal
